
Microsoft Visual Studio Solution File, Format Version 12.00
Project("{FAE04EC0-301F-11D3-BF4B-00C04F79EFBC}") = "react.net", "react.net\react.net.csproj", "{24E6C801-1530-47DC-B171-2B892368F5AD}"
EndProject
Global
	GlobalSection(SolutionConfigurationPlatforms) = preSolution
		Debug|Any CPU = Debug|Any CPU
		Release|Any CPU = Release|Any CPU
	EndGlobalSection
	GlobalSection(ProjectConfigurationPlatforms) = postSolution
		{24E6C801-1530-47DC-B171-2B892368F5AD}.Debug|Any CPU.ActiveCfg = Debug|Any CPU
		{24E6C801-1530-47DC-B171-2B892368F5AD}.Debug|Any CPU.Build.0 = Debug|Any CPU
		{24E6C801-1530-47DC-B171-2B892368F5AD}.Release|Any CPU.ActiveCfg = Release|Any CPU
		{24E6C801-1530-47DC-B171-2B892368F5AD}.Release|Any CPU.Build.0 = Release|Any CPU
	EndGlobalSection
EndGlobal
