
Microsoft Visual Studio Solution File, Format Version 12.00
Project("{FAE04EC0-301F-11D3-BF4B-00C04F79EFBC}") = "WorkingWithRegularExpression", "WorkingWithRegularExpression\WorkingWithRegularExpression.csproj", "{42F47B96-9598-4B74-A73D-CA18B092EFC1}"
EndProject
Global
	GlobalSection(SolutionConfigurationPlatforms) = preSolution
		Debug|Any CPU = Debug|Any CPU
		Release|Any CPU = Release|Any CPU
	EndGlobalSection
	GlobalSection(ProjectConfigurationPlatforms) = postSolution
		{42F47B96-9598-4B74-A73D-CA18B092EFC1}.Debug|Any CPU.ActiveCfg = Debug|Any CPU
		{42F47B96-9598-4B74-A73D-CA18B092EFC1}.Debug|Any CPU.Build.0 = Debug|Any CPU
		{42F47B96-9598-4B74-A73D-CA18B092EFC1}.Release|Any CPU.ActiveCfg = Release|Any CPU
		{42F47B96-9598-4B74-A73D-CA18B092EFC1}.Release|Any CPU.Build.0 = Release|Any CPU
	EndGlobalSection
EndGlobal
