
Microsoft Visual Studio Solution File, Format Version 12.00
Project("{FAE04EC0-301F-11D3-BF4B-00C04F79EFBC}") = "AsyncConsole", "AsyncConsole\AsyncConsole.csproj", "{A653AFF8-3D2A-4090-9995-C9B9851B7B62}"
EndProject
Global
	GlobalSection(SolutionConfigurationPlatforms) = preSolution
		Debug|Any CPU = Debug|Any CPU
		Release|Any CPU = Release|Any CPU
	EndGlobalSection
	GlobalSection(ProjectConfigurationPlatforms) = postSolution
		{A653AFF8-3D2A-4090-9995-C9B9851B7B62}.Debug|Any CPU.ActiveCfg = Debug|Any CPU
		{A653AFF8-3D2A-4090-9995-C9B9851B7B62}.Debug|Any CPU.Build.0 = Debug|Any CPU
		{A653AFF8-3D2A-4090-9995-C9B9851B7B62}.Release|Any CPU.ActiveCfg = Release|Any CPU
		{A653AFF8-3D2A-4090-9995-C9B9851B7B62}.Release|Any CPU.Build.0 = Release|Any CPU
	EndGlobalSection
EndGlobal
