
Microsoft Visual Studio Solution File, Format Version 12.00
Project("{FAE04EC0-301F-11D3-BF4B-00C04F79EFBC}") = "EncryptionApp", "EncryptionApp\EncryptionApp.csproj", "{4E766835-11B4-4ACA-B370-09CB02D5C125}"
EndProject
Project("{FAE04EC0-301F-11D3-BF4B-00C04F79EFBC}") = "CryptographyLib", "..\CryptographyLib\CryptographyLib\CryptographyLib.csproj", "{3D37C3FD-E2C2-400A-9583-096F8B1354B5}"
EndProject
Global
	GlobalSection(SolutionConfigurationPlatforms) = preSolution
		Debug|Any CPU = Debug|Any CPU
		Release|Any CPU = Release|Any CPU
	EndGlobalSection
	GlobalSection(ProjectConfigurationPlatforms) = postSolution
		{4E766835-11B4-4ACA-B370-09CB02D5C125}.Debug|Any CPU.ActiveCfg = Debug|Any CPU
		{4E766835-11B4-4ACA-B370-09CB02D5C125}.Debug|Any CPU.Build.0 = Debug|Any CPU
		{4E766835-11B4-4ACA-B370-09CB02D5C125}.Release|Any CPU.ActiveCfg = Release|Any CPU
		{4E766835-11B4-4ACA-B370-09CB02D5C125}.Release|Any CPU.Build.0 = Release|Any CPU
		{3D37C3FD-E2C2-400A-9583-096F8B1354B5}.Debug|Any CPU.ActiveCfg = Debug|Any CPU
		{3D37C3FD-E2C2-400A-9583-096F8B1354B5}.Debug|Any CPU.Build.0 = Debug|Any CPU
		{3D37C3FD-E2C2-400A-9583-096F8B1354B5}.Release|Any CPU.ActiveCfg = Release|Any CPU
		{3D37C3FD-E2C2-400A-9583-096F8B1354B5}.Release|Any CPU.Build.0 = Release|Any CPU
	EndGlobalSection
EndGlobal
