
Microsoft Visual Studio Solution File, Format Version 12.00
# Visual Studio Version 16
VisualStudioVersion = 25.0.1703.5
MinimumVisualStudioVersion = 10.0.40219.1
Project("{FAE04EC0-301F-11D3-BF4B-00C04F79EFBC}") = "GenerateRandomPasswd", "GenerateRandomPasswd\GenerateRandomPasswd.csproj", "{6B54EC8D-D3D0-48A0-9A44-CAFC8DA7D1B8}"
EndProject
Global
	GlobalSection(SolutionConfigurationPlatforms) = preSolution
		Debug|Any CPU = Debug|Any CPU
		Release|Any CPU = Release|Any CPU
	EndGlobalSection
	GlobalSection(ProjectConfigurationPlatforms) = postSolution
		{6B54EC8D-D3D0-48A0-9A44-CAFC8DA7D1B8}.Debug|Any CPU.ActiveCfg = Debug|Any CPU
		{6B54EC8D-D3D0-48A0-9A44-CAFC8DA7D1B8}.Debug|Any CPU.Build.0 = Debug|Any CPU
		{6B54EC8D-D3D0-48A0-9A44-CAFC8DA7D1B8}.Release|Any CPU.ActiveCfg = Release|Any CPU
		{6B54EC8D-D3D0-48A0-9A44-CAFC8DA7D1B8}.Release|Any CPU.Build.0 = Release|Any CPU
	EndGlobalSection
	GlobalSection(SolutionProperties) = preSolution
		HideSolutionNode = FALSE
	EndGlobalSection
	GlobalSection(ExtensibilityGlobals) = postSolution
		SolutionGuid = {AF52DBAB-F4AD-47F1-AEB5-3E01B324E607}
	EndGlobalSection
EndGlobal
