
Microsoft Visual Studio Solution File, Format Version 12.00
Project("{FAE04EC0-301F-11D3-BF4B-00C04F79EFBC}") = "WorkingWithNumbers", "WorkingWithNumbers\WorkingWithNumbers.csproj", "{1AFA129F-3524-45E9-973E-2B160231EB57}"
EndProject
Global
	GlobalSection(SolutionConfigurationPlatforms) = preSolution
		Debug|Any CPU = Debug|Any CPU
		Release|Any CPU = Release|Any CPU
	EndGlobalSection
	GlobalSection(ProjectConfigurationPlatforms) = postSolution
		{1AFA129F-3524-45E9-973E-2B160231EB57}.Debug|Any CPU.ActiveCfg = Debug|Any CPU
		{1AFA129F-3524-45E9-973E-2B160231EB57}.Debug|Any CPU.Build.0 = Debug|Any CPU
		{1AFA129F-3524-45E9-973E-2B160231EB57}.Release|Any CPU.ActiveCfg = Release|Any CPU
		{1AFA129F-3524-45E9-973E-2B160231EB57}.Release|Any CPU.Build.0 = Release|Any CPU
	EndGlobalSection
EndGlobal
