
Microsoft Visual Studio Solution File, Format Version 12.00
Project("{FAE04EC0-301F-11D3-BF4B-00C04F79EFBC}") = "NorthwindMvc", "NorthwindMvc\NorthwindMvc.csproj", "{C4952620-6E46-4023-A9A3-427A91451C47}"
EndProject
Project("{FAE04EC0-301F-11D3-BF4B-00C04F79EFBC}") = "NorthwindContextLib", "..\NorthwindContextLib\NorthwindContextLib\NorthwindContextLib.csproj", "{71C9F624-7EE3-4D06-832E-4B1FE7767673}"
EndProject
Project("{FAE04EC0-301F-11D3-BF4B-00C04F79EFBC}") = "NorthwindEntitiesLib", "..\NorthwindEntitiesLib\NorthwindEntitiesLib\NorthwindEntitiesLib.csproj", "{2BF1F28C-53B9-401D-9DCB-07F2AE13A9BD}"
EndProject
Global
	GlobalSection(SolutionConfigurationPlatforms) = preSolution
		Debug|Any CPU = Debug|Any CPU
		Release|Any CPU = Release|Any CPU
	EndGlobalSection
	GlobalSection(ProjectConfigurationPlatforms) = postSolution
		{C4952620-6E46-4023-A9A3-427A91451C47}.Debug|Any CPU.ActiveCfg = Debug|Any CPU
		{C4952620-6E46-4023-A9A3-427A91451C47}.Debug|Any CPU.Build.0 = Debug|Any CPU
		{C4952620-6E46-4023-A9A3-427A91451C47}.Release|Any CPU.ActiveCfg = Release|Any CPU
		{C4952620-6E46-4023-A9A3-427A91451C47}.Release|Any CPU.Build.0 = Release|Any CPU
		{71C9F624-7EE3-4D06-832E-4B1FE7767673}.Debug|Any CPU.ActiveCfg = Debug|Any CPU
		{71C9F624-7EE3-4D06-832E-4B1FE7767673}.Debug|Any CPU.Build.0 = Debug|Any CPU
		{71C9F624-7EE3-4D06-832E-4B1FE7767673}.Release|Any CPU.ActiveCfg = Release|Any CPU
		{71C9F624-7EE3-4D06-832E-4B1FE7767673}.Release|Any CPU.Build.0 = Release|Any CPU
		{2BF1F28C-53B9-401D-9DCB-07F2AE13A9BD}.Debug|Any CPU.ActiveCfg = Debug|Any CPU
		{2BF1F28C-53B9-401D-9DCB-07F2AE13A9BD}.Debug|Any CPU.Build.0 = Debug|Any CPU
		{2BF1F28C-53B9-401D-9DCB-07F2AE13A9BD}.Release|Any CPU.ActiveCfg = Release|Any CPU
		{2BF1F28C-53B9-401D-9DCB-07F2AE13A9BD}.Release|Any CPU.Build.0 = Release|Any CPU
	EndGlobalSection
EndGlobal
