
Microsoft Visual Studio Solution File, Format Version 12.00
Project("{FAE04EC0-301F-11D3-BF4B-00C04F79EFBC}") = "WorkingWithEFCore", "WorkingWithEFCore\WorkingWithEFCore.csproj", "{5D4F57F7-837B-479E-8685-D6708387DFA4}"
EndProject
Global
	GlobalSection(SolutionConfigurationPlatforms) = preSolution
		Debug|Any CPU = Debug|Any CPU
		Release|Any CPU = Release|Any CPU
	EndGlobalSection
	GlobalSection(ProjectConfigurationPlatforms) = postSolution
		{5D4F57F7-837B-479E-8685-D6708387DFA4}.Debug|Any CPU.ActiveCfg = Debug|Any CPU
		{5D4F57F7-837B-479E-8685-D6708387DFA4}.Debug|Any CPU.Build.0 = Debug|Any CPU
		{5D4F57F7-837B-479E-8685-D6708387DFA4}.Release|Any CPU.ActiveCfg = Release|Any CPU
		{5D4F57F7-837B-479E-8685-D6708387DFA4}.Release|Any CPU.Build.0 = Release|Any CPU
	EndGlobalSection
EndGlobal
