
Microsoft Visual Studio Solution File, Format Version 12.00
Project("{FAE04EC0-301F-11D3-BF4B-00C04F79EFBC}") = "WorkingWithDrives", "WorkingWithDrives\WorkingWithDrives.csproj", "{631A38C4-C127-4020-912A-5EBEF9410692}"
EndProject
Global
	GlobalSection(SolutionConfigurationPlatforms) = preSolution
		Debug|Any CPU = Debug|Any CPU
		Release|Any CPU = Release|Any CPU
	EndGlobalSection
	GlobalSection(ProjectConfigurationPlatforms) = postSolution
		{631A38C4-C127-4020-912A-5EBEF9410692}.Debug|Any CPU.ActiveCfg = Debug|Any CPU
		{631A38C4-C127-4020-912A-5EBEF9410692}.Debug|Any CPU.Build.0 = Debug|Any CPU
		{631A38C4-C127-4020-912A-5EBEF9410692}.Release|Any CPU.ActiveCfg = Release|Any CPU
		{631A38C4-C127-4020-912A-5EBEF9410692}.Release|Any CPU.Build.0 = Release|Any CPU
	EndGlobalSection
EndGlobal
