
Microsoft Visual Studio Solution File, Format Version 12.00
Project("{FAE04EC0-301F-11D3-BF4B-00C04F79EFBC}") = "SigningApp", "SigningApp\SigningApp.csproj", "{F99382D4-FB34-44B5-B4D0-BEEEF5E3CB2A}"
EndProject
Project("{FAE04EC0-301F-11D3-BF4B-00C04F79EFBC}") = "CryptographyLib", "..\CryptographyLib\CryptographyLib\CryptographyLib.csproj", "{7052D776-8A74-4450-A6DF-1B854DD62437}"
EndProject
Global
	GlobalSection(SolutionConfigurationPlatforms) = preSolution
		Debug|Any CPU = Debug|Any CPU
		Release|Any CPU = Release|Any CPU
	EndGlobalSection
	GlobalSection(ProjectConfigurationPlatforms) = postSolution
		{F99382D4-FB34-44B5-B4D0-BEEEF5E3CB2A}.Debug|Any CPU.ActiveCfg = Debug|Any CPU
		{F99382D4-FB34-44B5-B4D0-BEEEF5E3CB2A}.Debug|Any CPU.Build.0 = Debug|Any CPU
		{F99382D4-FB34-44B5-B4D0-BEEEF5E3CB2A}.Release|Any CPU.ActiveCfg = Release|Any CPU
		{F99382D4-FB34-44B5-B4D0-BEEEF5E3CB2A}.Release|Any CPU.Build.0 = Release|Any CPU
		{7052D776-8A74-4450-A6DF-1B854DD62437}.Debug|Any CPU.ActiveCfg = Debug|Any CPU
		{7052D776-8A74-4450-A6DF-1B854DD62437}.Debug|Any CPU.Build.0 = Debug|Any CPU
		{7052D776-8A74-4450-A6DF-1B854DD62437}.Release|Any CPU.ActiveCfg = Release|Any CPU
		{7052D776-8A74-4450-A6DF-1B854DD62437}.Release|Any CPU.Build.0 = Release|Any CPU
	EndGlobalSection
EndGlobal
