
Microsoft Visual Studio Solution File, Format Version 12.00
Project("{FAE04EC0-301F-11D3-BF4B-00C04F79EFBC}") = "NorthwindEntitiesLib", "NorthwindEntitiesLib\NorthwindEntitiesLib.csproj", "{B9A191FF-6EDA-42AE-90E1-1F6B6ECA8187}"
EndProject
Global
	GlobalSection(SolutionConfigurationPlatforms) = preSolution
		Debug|Any CPU = Debug|Any CPU
		Release|Any CPU = Release|Any CPU
	EndGlobalSection
	GlobalSection(ProjectConfigurationPlatforms) = postSolution
		{B9A191FF-6EDA-42AE-90E1-1F6B6ECA8187}.Debug|Any CPU.ActiveCfg = Debug|Any CPU
		{B9A191FF-6EDA-42AE-90E1-1F6B6ECA8187}.Debug|Any CPU.Build.0 = Debug|Any CPU
		{B9A191FF-6EDA-42AE-90E1-1F6B6ECA8187}.Release|Any CPU.ActiveCfg = Release|Any CPU
		{B9A191FF-6EDA-42AE-90E1-1F6B6ECA8187}.Release|Any CPU.Build.0 = Release|Any CPU
	EndGlobalSection
EndGlobal
