
Microsoft Visual Studio Solution File, Format Version 12.00
Project("{FAE04EC0-301F-11D3-BF4B-00C04F79EFBC}") = "NorthwindWeb", "NorthwindWeb\NorthwindWeb.csproj", "{EFFE4B2A-DE0C-406F-AD9A-5AEE84DE7F07}"
EndProject
Project("{FAE04EC0-301F-11D3-BF4B-00C04F79EFBC}") = "NorthwindContextLib", "..\NorthwindContextLib\NorthwindContextLib\NorthwindContextLib.csproj", "{E7EC28D4-049B-4251-B17F-87531176CDDC}"
EndProject
Project("{FAE04EC0-301F-11D3-BF4B-00C04F79EFBC}") = "NorthwindEntitiesLib", "..\NorthwindEntitiesLib\NorthwindEntitiesLib\NorthwindEntitiesLib.csproj", "{B0CB8E34-982D-4CDE-931C-4957682CEC4E}"
EndProject
Project("{FAE04EC0-301F-11D3-BF4B-00C04F79EFBC}") = "NorthwindEmployees", "..\NorthwindEmployees\NorthwindEmployees\NorthwindEmployees.csproj", "{8370C77E-34F7-4ADD-8F44-C4D7E1749D3C}"
EndProject
Global
	GlobalSection(SolutionConfigurationPlatforms) = preSolution
		Debug|Any CPU = Debug|Any CPU
		Release|Any CPU = Release|Any CPU
	EndGlobalSection
	GlobalSection(ProjectConfigurationPlatforms) = postSolution
		{EFFE4B2A-DE0C-406F-AD9A-5AEE84DE7F07}.Debug|Any CPU.ActiveCfg = Debug|Any CPU
		{EFFE4B2A-DE0C-406F-AD9A-5AEE84DE7F07}.Debug|Any CPU.Build.0 = Debug|Any CPU
		{EFFE4B2A-DE0C-406F-AD9A-5AEE84DE7F07}.Release|Any CPU.ActiveCfg = Release|Any CPU
		{EFFE4B2A-DE0C-406F-AD9A-5AEE84DE7F07}.Release|Any CPU.Build.0 = Release|Any CPU
		{E7EC28D4-049B-4251-B17F-87531176CDDC}.Debug|Any CPU.ActiveCfg = Debug|Any CPU
		{E7EC28D4-049B-4251-B17F-87531176CDDC}.Debug|Any CPU.Build.0 = Debug|Any CPU
		{E7EC28D4-049B-4251-B17F-87531176CDDC}.Release|Any CPU.ActiveCfg = Release|Any CPU
		{E7EC28D4-049B-4251-B17F-87531176CDDC}.Release|Any CPU.Build.0 = Release|Any CPU
		{B0CB8E34-982D-4CDE-931C-4957682CEC4E}.Debug|Any CPU.ActiveCfg = Debug|Any CPU
		{B0CB8E34-982D-4CDE-931C-4957682CEC4E}.Debug|Any CPU.Build.0 = Debug|Any CPU
		{B0CB8E34-982D-4CDE-931C-4957682CEC4E}.Release|Any CPU.ActiveCfg = Release|Any CPU
		{B0CB8E34-982D-4CDE-931C-4957682CEC4E}.Release|Any CPU.Build.0 = Release|Any CPU
		{8370C77E-34F7-4ADD-8F44-C4D7E1749D3C}.Debug|Any CPU.ActiveCfg = Debug|Any CPU
		{8370C77E-34F7-4ADD-8F44-C4D7E1749D3C}.Debug|Any CPU.Build.0 = Debug|Any CPU
		{8370C77E-34F7-4ADD-8F44-C4D7E1749D3C}.Release|Any CPU.ActiveCfg = Release|Any CPU
		{8370C77E-34F7-4ADD-8F44-C4D7E1749D3C}.Release|Any CPU.Build.0 = Release|Any CPU
	EndGlobalSection
EndGlobal
